
Microsoft Visual Studio Solution File, Format Version 12.00
# Visual Studio Version 17
VisualStudioVersion = 17.0.31903.59
MinimumVisualStudioVersion = 10.0.40219.1
Project("{FAE04EC0-301F-11D3-BF4B-00C04F79EFBC}") = "Rhino2MidasGen.Core", "Rhino2MidasGen.Core\Rhino2MidasGen.Core.csproj", "{E3DB52B1-977D-47BC-9720-27D2759DEBA4}"
EndProject
Project("{FAE04EC0-301F-11D3-BF4B-00C04F79EFBC}") = "Rhino2MidasGen.Api", "Rhino2MidasGen.Api\Rhino2MidasGen.Api.csproj", "{16A57B42-3EB7-4263-A515-76DD35F9229B}"
EndProject
Project("{FAE04EC0-301F-11D3-BF4B-00C04F79EFBC}") = "Rhino2MidasGen.Grasshopper", "Rhino2MidasGen.Grasshopper\Rhino2MidasGen.Grasshopper.csproj", "{0E7DEA7A-7FF0-45BE-9E53-023ED35B0AD8}"
EndProject
Project("{FAE04EC0-301F-11D3-BF4B-00C04F79EFBC}") = "Rhino2MidasGen.Tests", "Rhino2MidasGen.Tests\Rhino2MidasGen.Tests.csproj", "{A6C1DDC9-7EFA-4E08-921B-EAD94821A829}"
EndProject
Global
	GlobalSection(SolutionConfigurationPlatforms) = preSolution
		Debug|Any CPU = Debug|Any CPU
		Debug|x64 = Debug|x64
		Debug|x86 = Debug|x86
		Release|Any CPU = Release|Any CPU
		Release|x64 = Release|x64
		Release|x86 = Release|x86
	EndGlobalSection
	GlobalSection(ProjectConfigurationPlatforms) = postSolution
		{E3DB52B1-977D-47BC-9720-27D2759DEBA4}.Debug|Any CPU.ActiveCfg = Debug|Any CPU
		{E3DB52B1-977D-47BC-9720-27D2759DEBA4}.Debug|Any CPU.Build.0 = Debug|Any CPU
		{E3DB52B1-977D-47BC-9720-27D2759DEBA4}.Debug|x64.ActiveCfg = Debug|Any CPU
		{E3DB52B1-977D-47BC-9720-27D2759DEBA4}.Debug|x64.Build.0 = Debug|Any CPU
		{E3DB52B1-977D-47BC-9720-27D2759DEBA4}.Debug|x86.ActiveCfg = Debug|Any CPU
		{E3DB52B1-977D-47BC-9720-27D2759DEBA4}.Debug|x86.Build.0 = Debug|Any CPU
		{E3DB52B1-977D-47BC-9720-27D2759DEBA4}.Release|Any CPU.ActiveCfg = Release|Any CPU
		{E3DB52B1-977D-47BC-9720-27D2759DEBA4}.Release|Any CPU.Build.0 = Release|Any CPU
		{E3DB52B1-977D-47BC-9720-27D2759DEBA4}.Release|x64.ActiveCfg = Release|Any CPU
		{E3DB52B1-977D-47BC-9720-27D2759DEBA4}.Release|x64.Build.0 = Release|Any CPU
		{E3DB52B1-977D-47BC-9720-27D2759DEBA4}.Release|x86.ActiveCfg = Release|Any CPU
		{E3DB52B1-977D-47BC-9720-27D2759DEBA4}.Release|x86.Build.0 = Release|Any CPU
		{16A57B42-3EB7-4263-A515-76DD35F9229B}.Debug|Any CPU.ActiveCfg = Debug|Any CPU
		{16A57B42-3EB7-4263-A515-76DD35F9229B}.Debug|Any CPU.Build.0 = Debug|Any CPU
		{16A57B42-3EB7-4263-A515-76DD35F9229B}.Debug|x64.ActiveCfg = Debug|Any CPU
		{16A57B42-3EB7-4263-A515-76DD35F9229B}.Debug|x64.Build.0 = Debug|Any CPU
		{16A57B42-3EB7-4263-A515-76DD35F9229B}.Debug|x86.ActiveCfg = Debug|Any CPU
		{16A57B42-3EB7-4263-A515-76DD35F9229B}.Debug|x86.Build.0 = Debug|Any CPU
		{16A57B42-3EB7-4263-A515-76DD35F9229B}.Release|Any CPU.ActiveCfg = Release|Any CPU
		{16A57B42-3EB7-4263-A515-76DD35F9229B}.Release|Any CPU.Build.0 = Release|Any CPU
		{16A57B42-3EB7-4263-A515-76DD35F9229B}.Release|x64.ActiveCfg = Release|Any CPU
		{16A57B42-3EB7-4263-A515-76DD35F9229B}.Release|x64.Build.0 = Release|Any CPU
		{16A57B42-3EB7-4263-A515-76DD35F9229B}.Release|x86.ActiveCfg = Release|Any CPU
		{16A57B42-3EB7-4263-A515-76DD35F9229B}.Release|x86.Build.0 = Release|Any CPU
		{0E7DEA7A-7FF0-45BE-9E53-023ED35B0AD8}.Debug|Any CPU.ActiveCfg = Debug|Any CPU
		{0E7DEA7A-7FF0-45BE-9E53-023ED35B0AD8}.Debug|Any CPU.Build.0 = Debug|Any CPU
		{0E7DEA7A-7FF0-45BE-9E53-023ED35B0AD8}.Debug|x64.ActiveCfg = Debug|Any CPU
		{0E7DEA7A-7FF0-45BE-9E53-023ED35B0AD8}.Debug|x64.Build.0 = Debug|Any CPU
		{0E7DEA7A-7FF0-45BE-9E53-023ED35B0AD8}.Debug|x86.ActiveCfg = Debug|Any CPU
		{0E7DEA7A-7FF0-45BE-9E53-023ED35B0AD8}.Debug|x86.Build.0 = Debug|Any CPU
		{0E7DEA7A-7FF0-45BE-9E53-023ED35B0AD8}.Release|Any CPU.ActiveCfg = Release|Any CPU
		{0E7DEA7A-7FF0-45BE-9E53-023ED35B0AD8}.Release|Any CPU.Build.0 = Release|Any CPU
		{0E7DEA7A-7FF0-45BE-9E53-023ED35B0AD8}.Release|x64.ActiveCfg = Release|Any CPU
		{0E7DEA7A-7FF0-45BE-9E53-023ED35B0AD8}.Release|x64.Build.0 = Release|Any CPU
		{0E7DEA7A-7FF0-45BE-9E53-023ED35B0AD8}.Release|x86.ActiveCfg = Release|Any CPU
		{0E7DEA7A-7FF0-45BE-9E53-023ED35B0AD8}.Release|x86.Build.0 = Release|Any CPU
		{A6C1DDC9-7EFA-4E08-921B-EAD94821A829}.Debug|Any CPU.ActiveCfg = Debug|Any CPU
		{A6C1DDC9-7EFA-4E08-921B-EAD94821A829}.Debug|Any CPU.Build.0 = Debug|Any CPU
		{A6C1DDC9-7EFA-4E08-921B-EAD94821A829}.Debug|x64.ActiveCfg = Debug|Any CPU
		{A6C1DDC9-7EFA-4E08-921B-EAD94821A829}.Debug|x64.Build.0 = Debug|Any CPU
		{A6C1DDC9-7EFA-4E08-921B-EAD94821A829}.Debug|x86.ActiveCfg = Debug|Any CPU
		{A6C1DDC9-7EFA-4E08-921B-EAD94821A829}.Debug|x86.Build.0 = Debug|Any CPU
		{A6C1DDC9-7EFA-4E08-921B-EAD94821A829}.Release|Any CPU.ActiveCfg = Release|Any CPU
		{A6C1DDC9-7EFA-4E08-921B-EAD94821A829}.Release|Any CPU.Build.0 = Release|Any CPU
		{A6C1DDC9-7EFA-4E08-921B-EAD94821A829}.Release|x64.ActiveCfg = Release|Any CPU
		{A6C1DDC9-7EFA-4E08-921B-EAD94821A829}.Release|x64.Build.0 = Release|Any CPU
		{A6C1DDC9-7EFA-4E08-921B-EAD94821A829}.Release|x86.ActiveCfg = Release|Any CPU
		{A6C1DDC9-7EFA-4E08-921B-EAD94821A829}.Release|x86.Build.0 = Release|Any CPU
	EndGlobalSection
	GlobalSection(SolutionProperties) = preSolution
		HideSolutionNode = FALSE
	EndGlobalSection
EndGlobal
